
Microsoft Visual Studio Solution File, Format Version 12.00
# Visual Studio Version 17
VisualStudioVersion = 17.0.32112.339
MinimumVisualStudioVersion = 10.0.40219.1
Project("{FAE04EC0-301F-11D3-BF4B-00C04F79EFBC}") = "FacebookPost", "FacebookPost\FacebookPost.csproj", "{7C114BDF-86AF-46C2-866B-815F00ED19FC}"
EndProject
Global
	GlobalSection(SolutionConfigurationPlatforms) = preSolution
		Debug|Any CPU = Debug|Any CPU
		Release|Any CPU = Release|Any CPU
	EndGlobalSection
	GlobalSection(ProjectConfigurationPlatforms) = postSolution
		{7C114BDF-86AF-46C2-866B-815F00ED19FC}.Debug|Any CPU.ActiveCfg = Debug|Any CPU
		{7C114BDF-86AF-46C2-866B-815F00ED19FC}.Debug|Any CPU.Build.0 = Debug|Any CPU
		{7C114BDF-86AF-46C2-866B-815F00ED19FC}.Release|Any CPU.ActiveCfg = Release|Any CPU
		{7C114BDF-86AF-46C2-866B-815F00ED19FC}.Release|Any CPU.Build.0 = Release|Any CPU
	EndGlobalSection
	GlobalSection(SolutionProperties) = preSolution
		HideSolutionNode = FALSE
	EndGlobalSection
	GlobalSection(ExtensibilityGlobals) = postSolution
		SolutionGuid = {DA7DC5C4-3345-48CD-96CD-E8CD03599098}
	EndGlobalSection
EndGlobal
